
Microsoft Visual Studio Solution File, Format Version 12.00
Project("{FAE04EC0-301F-11D3-BF4B-00C04F79EFBC}") = "asphyxia", "asphyxia\asphyxia.csproj", "{7E6CD51D-F1E4-4AFE-B7F1-EE557DB24133}"
EndProject
Project("{FAE04EC0-301F-11D3-BF4B-00C04F79EFBC}") = "App", "App\App.csproj", "{FDA788CD-E23B-46D8-9BAF-1CD631DA78B0}"
EndProject
Project("{FAE04EC0-301F-11D3-BF4B-00C04F79EFBC}") = "Traveler", "Traveler\Traveler.csproj", "{28A0EB1F-0DC4-4BA7-9360-E8F2FE114AF1}"
EndProject
Global
	GlobalSection(SolutionConfigurationPlatforms) = preSolution
		Debug|Any CPU = Debug|Any CPU
		Release|Any CPU = Release|Any CPU
	EndGlobalSection
	GlobalSection(ProjectConfigurationPlatforms) = postSolution
		{7E6CD51D-F1E4-4AFE-B7F1-EE557DB24133}.Debug|Any CPU.ActiveCfg = Debug|Any CPU
		{7E6CD51D-F1E4-4AFE-B7F1-EE557DB24133}.Debug|Any CPU.Build.0 = Debug|Any CPU
		{7E6CD51D-F1E4-4AFE-B7F1-EE557DB24133}.Release|Any CPU.ActiveCfg = Release|Any CPU
		{7E6CD51D-F1E4-4AFE-B7F1-EE557DB24133}.Release|Any CPU.Build.0 = Release|Any CPU
		{FDA788CD-E23B-46D8-9BAF-1CD631DA78B0}.Debug|Any CPU.ActiveCfg = Debug|Any CPU
		{FDA788CD-E23B-46D8-9BAF-1CD631DA78B0}.Debug|Any CPU.Build.0 = Debug|Any CPU
		{FDA788CD-E23B-46D8-9BAF-1CD631DA78B0}.Release|Any CPU.ActiveCfg = Release|Any CPU
		{FDA788CD-E23B-46D8-9BAF-1CD631DA78B0}.Release|Any CPU.Build.0 = Release|Any CPU
		{28A0EB1F-0DC4-4BA7-9360-E8F2FE114AF1}.Debug|Any CPU.ActiveCfg = Debug|Any CPU
		{28A0EB1F-0DC4-4BA7-9360-E8F2FE114AF1}.Debug|Any CPU.Build.0 = Debug|Any CPU
		{28A0EB1F-0DC4-4BA7-9360-E8F2FE114AF1}.Release|Any CPU.ActiveCfg = Release|Any CPU
		{28A0EB1F-0DC4-4BA7-9360-E8F2FE114AF1}.Release|Any CPU.Build.0 = Release|Any CPU
	EndGlobalSection
EndGlobal
